
Microsoft Visual Studio Solution File, Format Version 12.00
# Visual Studio Version 16
VisualStudioVersion = 16.0.29519.181
MinimumVisualStudioVersion = 10.0.40219.1
Project("{888888A0-9F3D-457C-B088-3A5042F75D52}") = "Add_spot", "Add_spot.pyproj", "{A5C4427B-27DA-415D-9ECD-9BF544165586}"
EndProject
Global
	GlobalSection(SolutionConfigurationPlatforms) = preSolution
		Debug|Any CPU = Debug|Any CPU
		Release|Any CPU = Release|Any CPU
	EndGlobalSection
	GlobalSection(ProjectConfigurationPlatforms) = postSolution
		{A5C4427B-27DA-415D-9ECD-9BF544165586}.Debug|Any CPU.ActiveCfg = Debug|Any CPU
		{A5C4427B-27DA-415D-9ECD-9BF544165586}.Release|Any CPU.ActiveCfg = Release|Any CPU
	EndGlobalSection
	GlobalSection(SolutionProperties) = preSolution
		HideSolutionNode = FALSE
	EndGlobalSection
	GlobalSection(ExtensibilityGlobals) = postSolution
		SolutionGuid = {A26CEE49-DC67-4AB5-8394-180F85D24F94}
	EndGlobalSection
EndGlobal
